
Microsoft Visual Studio Solution File, Format Version 12.00
# Visual Studio Version 17
VisualStudioVersion = 17.14.36518.9
MinimumVisualStudioVersion = 10.0.40219.1
Project("{9A19103F-16F7-4668-BE54-9A1E7A4F7556}") = "FluentBuilder.Url", "FluentBuilder.Url\FluentBuilder.Url.csproj", "{1730C7E7-4CE9-4BCC-BE07-9DC3E1A59FE4}"
EndProject
Project("{9A19103F-16F7-4668-BE54-9A1E7A4F7556}") = "FluentBuilder.Playground", "FluentBuilder.Playground\FluentBuilder.Playground.csproj", "{A46CC6BC-ACBF-4CC1-9E0C-2BAAA377D57B}"
EndProject
Project("{FAE04EC0-301F-11D3-BF4B-00C04F79EFBC}") = "FluentBuilder.Tests", "FluentBuilder.Tests\FluentBuilder.Tests.csproj", "{55A5B8DD-C974-4BA7-B7DE-8A091C35F91F}"
EndProject
Global
	GlobalSection(SolutionConfigurationPlatforms) = preSolution
		Debug|Any CPU = Debug|Any CPU
		Release|Any CPU = Release|Any CPU
	EndGlobalSection
	GlobalSection(ProjectConfigurationPlatforms) = postSolution
		{1730C7E7-4CE9-4BCC-BE07-9DC3E1A59FE4}.Debug|Any CPU.ActiveCfg = Debug|Any CPU
		{1730C7E7-4CE9-4BCC-BE07-9DC3E1A59FE4}.Debug|Any CPU.Build.0 = Debug|Any CPU
		{1730C7E7-4CE9-4BCC-BE07-9DC3E1A59FE4}.Release|Any CPU.ActiveCfg = Release|Any CPU
		{1730C7E7-4CE9-4BCC-BE07-9DC3E1A59FE4}.Release|Any CPU.Build.0 = Release|Any CPU
		{A46CC6BC-ACBF-4CC1-9E0C-2BAAA377D57B}.Debug|Any CPU.ActiveCfg = Debug|Any CPU
		{A46CC6BC-ACBF-4CC1-9E0C-2BAAA377D57B}.Debug|Any CPU.Build.0 = Debug|Any CPU
		{A46CC6BC-ACBF-4CC1-9E0C-2BAAA377D57B}.Release|Any CPU.ActiveCfg = Release|Any CPU
		{A46CC6BC-ACBF-4CC1-9E0C-2BAAA377D57B}.Release|Any CPU.Build.0 = Release|Any CPU
		{55A5B8DD-C974-4BA7-B7DE-8A091C35F91F}.Debug|Any CPU.ActiveCfg = Debug|Any CPU
		{55A5B8DD-C974-4BA7-B7DE-8A091C35F91F}.Debug|Any CPU.Build.0 = Debug|Any CPU
		{55A5B8DD-C974-4BA7-B7DE-8A091C35F91F}.Release|Any CPU.ActiveCfg = Release|Any CPU
		{55A5B8DD-C974-4BA7-B7DE-8A091C35F91F}.Release|Any CPU.Build.0 = Release|Any CPU
	EndGlobalSection
	GlobalSection(SolutionProperties) = preSolution
		HideSolutionNode = FALSE
	EndGlobalSection
	GlobalSection(ExtensibilityGlobals) = postSolution
		SolutionGuid = {C91E2ED3-4726-4EE3-9B84-D294422AC1C3}
	EndGlobalSection
EndGlobal
